PODS:
  - SwipeCellKit (2.6.0)

DEPENDENCIES:
  - SwipeCellKit (from `https://github.com/SwipeCellKit/SwipeCellKit.git`, branch `develop`)

EXTERNAL SOURCES:
  SwipeCellKit:
    :branch: develop
    :git: https://github.com/SwipeCellKit/SwipeCellKit.git

CHECKOUT OPTIONS:
  SwipeCellKit:
    :commit: daad4f4ad57becebeffa648f9a37bbc53e1bd396
    :git: https://github.com/SwipeCellKit/SwipeCellKit.git

SPEC CHECKSUMS:
  SwipeCellKit: 935ca28c187ec6e1ffb2b578cf8ddca842bfdcbb

PODFILE CHECKSUM: f85aa441861950b2138a7aa1aa19583f2744c35e

COCOAPODS: 1.6.2
